
Microsoft Visual Studio Solution File, Format Version 12.00
# Visual Studio 14
VisualStudioVersion = 14.0.23107.0
MinimumVisualStudioVersion = 10.0.40219.1
Project("{FAE04EC0-301F-11D3-BF4B-00C04F79EFBC}") = "EArchiv", "EArchiv\EArchiv.csproj", "{BE0335AD-BE19-4DB1-BD24-70445CBABEAB}"
EndProject
Project("{FAE04EC0-301F-11D3-BF4B-00C04F79EFBC}") = "Mariupolgaz.EArchiv.Finder", "mariupolgaz.earchiv.finder\Mariupolgaz.EArchiv.Finder.csproj", "{694544AD-8A9D-42F1-B427-ED2625225EB5}"
EndProject
Project("{FAE04EC0-301F-11D3-BF4B-00C04F79EFBC}") = "Mariupolgaz.EArchiv.Abonent", "Mariupolgaz.EArchiv.Abonent\Mariupolgaz.EArchiv.Abonent.csproj", "{925AF364-2A74-4110-9920-8B346A16F329}"
EndProject
Project("{FAE04EC0-301F-11D3-BF4B-00C04F79EFBC}") = "Mariupolgaz.EArchiv.Document", "Mariupolgaz.EArchiv.Document\Mariupolgaz.EArchiv.Document.csproj", "{EEFB5BF6-8CCD-4AE9-A3AA-9A5CCCA73C86}"
EndProject
Project("{FAE04EC0-301F-11D3-BF4B-00C04F79EFBC}") = "Mariupolgaz.EArchiv.Common", "Mariupolgaz.EArchiv.Common\Mariupolgaz.EArchiv.Common.csproj", "{CDA1F982-6D97-4E29-BD9B-CBD05AEBB60D}"
EndProject
Project("{FAE04EC0-301F-11D3-BF4B-00C04F79EFBC}") = "Mariupolgaz.EArchiv.Security", "Mariupolgaz.EArchiv.Authorize\Mariupolgaz.EArchiv.Security.csproj", "{E34AAE10-B09D-4C93-B62C-B00305007FFF}"
EndProject
Project("{FAE04EC0-301F-11D3-BF4B-00C04F79EFBC}") = "Mariupolgaz.EArchiv.DocsAbon", "Mariupolgaz.EArchiv.DocsAbon\Mariupolgaz.EArchiv.DocsAbon.csproj", "{9D4855EB-3E84-4EBD-BFAF-F6FA8D4ECE9C}"
EndProject
Project("{2150E333-8FDC-42A3-9474-1A3956D46DE8}") = "Solution Items", "Solution Items", "{BA686372-B048-4B4C-870C-C6A6BA5A32E5}"
	ProjectSection(SolutionItems) = preProject
		README.md = README.md
	EndProjectSection
EndProject
Project("{FAE04EC0-301F-11D3-BF4B-00C04F79EFBC}") = "AdmTools", "AdmTools\AdmTools.csproj", "{A76896BF-0832-478A-8170-029D5819CA0A}"
EndProject
Project("{FAE04EC0-301F-11D3-BF4B-00C04F79EFBC}") = "EContract", "EContract\EContract.csproj", "{84AED8F0-D722-4807-B088-C5A9798F06A2}"
EndProject
Project("{FAE04EC0-301F-11D3-BF4B-00C04F79EFBC}") = "Mariupolgaz.EContract.Finder", "Mariupolgaz.EContract.Finder\Mariupolgaz.EContract.Finder.csproj", "{585B86DD-A84A-4EEE-8660-1CEBDBE109B2}"
EndProject
Project("{FAE04EC0-301F-11D3-BF4B-00C04F79EFBC}") = "Mariupolgaz.EContract.DocsContract", "Mariupolgaz.EContract.DocsContract\Mariupolgaz.EContract.DocsContract.csproj", "{4822CE0C-EB6B-41C0-BB2A-43D3B1DA5FA7}"
EndProject
Project("{FAE04EC0-301F-11D3-BF4B-00C04F79EFBC}") = "Mariupolgaz.EContract.Worker", "Mariupolgaz.EContract.Worker\Mariupolgaz.EContract.Worker.csproj", "{9DB8ECA8-8D8D-4C40-B397-F0B2AE767E96}"
EndProject
Global
	GlobalSection(SolutionConfigurationPlatforms) = preSolution
		Debug|Any CPU = Debug|Any CPU
		Release|Any CPU = Release|Any CPU
	EndGlobalSection
	GlobalSection(ProjectConfigurationPlatforms) = postSolution
		{BE0335AD-BE19-4DB1-BD24-70445CBABEAB}.Debug|Any CPU.ActiveCfg = Debug|Any CPU
		{BE0335AD-BE19-4DB1-BD24-70445CBABEAB}.Debug|Any CPU.Build.0 = Debug|Any CPU
		{BE0335AD-BE19-4DB1-BD24-70445CBABEAB}.Release|Any CPU.ActiveCfg = Release|Any CPU
		{BE0335AD-BE19-4DB1-BD24-70445CBABEAB}.Release|Any CPU.Build.0 = Release|Any CPU
		{694544AD-8A9D-42F1-B427-ED2625225EB5}.Debug|Any CPU.ActiveCfg = Debug|Any CPU
		{694544AD-8A9D-42F1-B427-ED2625225EB5}.Debug|Any CPU.Build.0 = Debug|Any CPU
		{694544AD-8A9D-42F1-B427-ED2625225EB5}.Release|Any CPU.ActiveCfg = Release|Any CPU
		{694544AD-8A9D-42F1-B427-ED2625225EB5}.Release|Any CPU.Build.0 = Release|Any CPU
		{925AF364-2A74-4110-9920-8B346A16F329}.Debug|Any CPU.ActiveCfg = Debug|Any CPU
		{925AF364-2A74-4110-9920-8B346A16F329}.Debug|Any CPU.Build.0 = Debug|Any CPU
		{925AF364-2A74-4110-9920-8B346A16F329}.Release|Any CPU.ActiveCfg = Release|Any CPU
		{925AF364-2A74-4110-9920-8B346A16F329}.Release|Any CPU.Build.0 = Release|Any CPU
		{EEFB5BF6-8CCD-4AE9-A3AA-9A5CCCA73C86}.Debug|Any CPU.ActiveCfg = Debug|Any CPU
		{EEFB5BF6-8CCD-4AE9-A3AA-9A5CCCA73C86}.Debug|Any CPU.Build.0 = Debug|Any CPU
		{EEFB5BF6-8CCD-4AE9-A3AA-9A5CCCA73C86}.Release|Any CPU.ActiveCfg = Release|Any CPU
		{EEFB5BF6-8CCD-4AE9-A3AA-9A5CCCA73C86}.Release|Any CPU.Build.0 = Release|Any CPU
		{CDA1F982-6D97-4E29-BD9B-CBD05AEBB60D}.Debug|Any CPU.ActiveCfg = Debug|Any CPU
		{CDA1F982-6D97-4E29-BD9B-CBD05AEBB60D}.Debug|Any CPU.Build.0 = Debug|Any CPU
		{CDA1F982-6D97-4E29-BD9B-CBD05AEBB60D}.Release|Any CPU.ActiveCfg = Release|Any CPU
		{CDA1F982-6D97-4E29-BD9B-CBD05AEBB60D}.Release|Any CPU.Build.0 = Release|Any CPU
		{E34AAE10-B09D-4C93-B62C-B00305007FFF}.Debug|Any CPU.ActiveCfg = Debug|Any CPU
		{E34AAE10-B09D-4C93-B62C-B00305007FFF}.Debug|Any CPU.Build.0 = Debug|Any CPU
		{E34AAE10-B09D-4C93-B62C-B00305007FFF}.Release|Any CPU.ActiveCfg = Release|Any CPU
		{E34AAE10-B09D-4C93-B62C-B00305007FFF}.Release|Any CPU.Build.0 = Release|Any CPU
		{9D4855EB-3E84-4EBD-BFAF-F6FA8D4ECE9C}.Debug|Any CPU.ActiveCfg = Debug|Any CPU
		{9D4855EB-3E84-4EBD-BFAF-F6FA8D4ECE9C}.Debug|Any CPU.Build.0 = Debug|Any CPU
		{9D4855EB-3E84-4EBD-BFAF-F6FA8D4ECE9C}.Release|Any CPU.ActiveCfg = Release|Any CPU
		{9D4855EB-3E84-4EBD-BFAF-F6FA8D4ECE9C}.Release|Any CPU.Build.0 = Release|Any CPU
		{A76896BF-0832-478A-8170-029D5819CA0A}.Debug|Any CPU.ActiveCfg = Debug|Any CPU
		{A76896BF-0832-478A-8170-029D5819CA0A}.Debug|Any CPU.Build.0 = Debug|Any CPU
		{A76896BF-0832-478A-8170-029D5819CA0A}.Release|Any CPU.ActiveCfg = Release|Any CPU
		{A76896BF-0832-478A-8170-029D5819CA0A}.Release|Any CPU.Build.0 = Release|Any CPU
		{84AED8F0-D722-4807-B088-C5A9798F06A2}.Debug|Any CPU.ActiveCfg = Debug|Any CPU
		{84AED8F0-D722-4807-B088-C5A9798F06A2}.Debug|Any CPU.Build.0 = Debug|Any CPU
		{84AED8F0-D722-4807-B088-C5A9798F06A2}.Release|Any CPU.ActiveCfg = Release|Any CPU
		{84AED8F0-D722-4807-B088-C5A9798F06A2}.Release|Any CPU.Build.0 = Release|Any CPU
		{585B86DD-A84A-4EEE-8660-1CEBDBE109B2}.Debug|Any CPU.ActiveCfg = Debug|Any CPU
		{585B86DD-A84A-4EEE-8660-1CEBDBE109B2}.Debug|Any CPU.Build.0 = Debug|Any CPU
		{585B86DD-A84A-4EEE-8660-1CEBDBE109B2}.Release|Any CPU.ActiveCfg = Release|Any CPU
		{585B86DD-A84A-4EEE-8660-1CEBDBE109B2}.Release|Any CPU.Build.0 = Release|Any CPU
		{4822CE0C-EB6B-41C0-BB2A-43D3B1DA5FA7}.Debug|Any CPU.ActiveCfg = Debug|Any CPU
		{4822CE0C-EB6B-41C0-BB2A-43D3B1DA5FA7}.Debug|Any CPU.Build.0 = Debug|Any CPU
		{4822CE0C-EB6B-41C0-BB2A-43D3B1DA5FA7}.Release|Any CPU.ActiveCfg = Release|Any CPU
		{4822CE0C-EB6B-41C0-BB2A-43D3B1DA5FA7}.Release|Any CPU.Build.0 = Release|Any CPU
		{9DB8ECA8-8D8D-4C40-B397-F0B2AE767E96}.Debug|Any CPU.ActiveCfg = Debug|Any CPU
		{9DB8ECA8-8D8D-4C40-B397-F0B2AE767E96}.Debug|Any CPU.Build.0 = Debug|Any CPU
		{9DB8ECA8-8D8D-4C40-B397-F0B2AE767E96}.Release|Any CPU.ActiveCfg = Release|Any CPU
		{9DB8ECA8-8D8D-4C40-B397-F0B2AE767E96}.Release|Any CPU.Build.0 = Release|Any CPU
	EndGlobalSection
	GlobalSection(SolutionProperties) = preSolution
		HideSolutionNode = FALSE
	EndGlobalSection
	GlobalSection(ExtensibilityGlobals) = postSolution
		EnterpriseLibraryConfigurationToolBinariesPath = packages\Unity.2.1.505.0\lib\NET35
	EndGlobalSection
EndGlobal
